
Microsoft Visual Studio Solution File, Format Version 12.00
# Visual Studio Version 17
VisualStudioVersion = 17.8.34330.188
MinimumVisualStudioVersion = 10.0.40219.1
Project("{9A19103F-16F7-4668-BE54-9A1E7A4F7556}") = "Core", "Core\Core.csproj", "{90897A7F-8BC0-4430-8D7B-48E17A141C2E}"
EndProject
Project("{9A19103F-16F7-4668-BE54-9A1E7A4F7556}") = "DAL", "DAL\DAL.csproj", "{B320548C-5FE6-4F51-9B6F-887B1552D705}"
EndProject
Project("{9A19103F-16F7-4668-BE54-9A1E7A4F7556}") = "BLL", "BLL\BLL.csproj", "{FB4A99BA-B859-4BF4-B628-9E3B62C3D82B}"
EndProject
Project("{9A19103F-16F7-4668-BE54-9A1E7A4F7556}") = "ConsoleApp", "ConsoleApp\ConsoleApp.csproj", "{DFDBFD2F-EA9F-4962-AC03-D820F9A0FA0B}"
EndProject
Project("{9A19103F-16F7-4668-BE54-9A1E7A4F7556}") = "UI", "UI\UI.csproj", "{A8D187C1-082A-4FC6-8246-BF957F6721DA}"
EndProject
Global
	GlobalSection(SolutionConfigurationPlatforms) = preSolution
		Debug|Any CPU = Debug|Any CPU
		Release|Any CPU = Release|Any CPU
	EndGlobalSection
	GlobalSection(ProjectConfigurationPlatforms) = postSolution
		{90897A7F-8BC0-4430-8D7B-48E17A141C2E}.Debug|Any CPU.ActiveCfg = Debug|Any CPU
		{90897A7F-8BC0-4430-8D7B-48E17A141C2E}.Debug|Any CPU.Build.0 = Debug|Any CPU
		{90897A7F-8BC0-4430-8D7B-48E17A141C2E}.Release|Any CPU.ActiveCfg = Release|Any CPU
		{90897A7F-8BC0-4430-8D7B-48E17A141C2E}.Release|Any CPU.Build.0 = Release|Any CPU
		{B320548C-5FE6-4F51-9B6F-887B1552D705}.Debug|Any CPU.ActiveCfg = Debug|Any CPU
		{B320548C-5FE6-4F51-9B6F-887B1552D705}.Debug|Any CPU.Build.0 = Debug|Any CPU
		{B320548C-5FE6-4F51-9B6F-887B1552D705}.Release|Any CPU.ActiveCfg = Release|Any CPU
		{B320548C-5FE6-4F51-9B6F-887B1552D705}.Release|Any CPU.Build.0 = Release|Any CPU
		{FB4A99BA-B859-4BF4-B628-9E3B62C3D82B}.Debug|Any CPU.ActiveCfg = Debug|Any CPU
		{FB4A99BA-B859-4BF4-B628-9E3B62C3D82B}.Debug|Any CPU.Build.0 = Debug|Any CPU
		{FB4A99BA-B859-4BF4-B628-9E3B62C3D82B}.Release|Any CPU.ActiveCfg = Release|Any CPU
		{FB4A99BA-B859-4BF4-B628-9E3B62C3D82B}.Release|Any CPU.Build.0 = Release|Any CPU
		{DFDBFD2F-EA9F-4962-AC03-D820F9A0FA0B}.Debug|Any CPU.ActiveCfg = Debug|Any CPU
		{DFDBFD2F-EA9F-4962-AC03-D820F9A0FA0B}.Debug|Any CPU.Build.0 = Debug|Any CPU
		{DFDBFD2F-EA9F-4962-AC03-D820F9A0FA0B}.Release|Any CPU.ActiveCfg = Release|Any CPU
		{DFDBFD2F-EA9F-4962-AC03-D820F9A0FA0B}.Release|Any CPU.Build.0 = Release|Any CPU
		{A8D187C1-082A-4FC6-8246-BF957F6721DA}.Debug|Any CPU.ActiveCfg = Debug|Any CPU
		{A8D187C1-082A-4FC6-8246-BF957F6721DA}.Debug|Any CPU.Build.0 = Debug|Any CPU
		{A8D187C1-082A-4FC6-8246-BF957F6721DA}.Release|Any CPU.ActiveCfg = Release|Any CPU
		{A8D187C1-082A-4FC6-8246-BF957F6721DA}.Release|Any CPU.Build.0 = Release|Any CPU
	EndGlobalSection
	GlobalSection(SolutionProperties) = preSolution
		HideSolutionNode = FALSE
	EndGlobalSection
	GlobalSection(ExtensibilityGlobals) = postSolution
		SolutionGuid = {5361F13F-3801-4DB9-8024-0D1045A10F73}
	EndGlobalSection
EndGlobal
